{
  "name": "speech control with buttons",
  "lockfileVersion": 2,
  "requires": true,
  "packages": {
    "": {
      "dependencies": {
        "text-to-speech-offline": "^1.0.1"
      }
    },
    "node_modules/text-to-speech-offline": {
      "version": "1.0.1",
      "resolved": "https://registry.npmjs.org/text-to-speech-offline/-/text-to-speech-offline-1.0.1.tgz",
      "integrity": "sha512-W/iTod4zoUp6iYYDDRrLQakkEaHPS/GYtM6SHiRaQHtnxZ2ECskIJtnQL/yfg/52Yoknz0D6GnyWhP743MmyoA=="
    }
  },
  "dependencies": {
    "text-to-speech-offline": {
      "version": "1.0.1",
      "resolved": "https://registry.npmjs.org/text-to-speech-offline/-/text-to-speech-offline-1.0.1.tgz",
      "integrity": "sha512-W/iTod4zoUp6iYYDDRrLQakkEaHPS/GYtM6SHiRaQHtnxZ2ECskIJtnQL/yfg/52Yoknz0D6GnyWhP743MmyoA=="
    }
  }
}
